
Microsoft Visual Studio Solution File, Format Version 12.00
# Visual Studio 15
VisualStudioVersion = 15.0.28307.168
MinimumVisualStudioVersion = 10.0.40219.1
Project("{888888A0-9F3D-457C-B088-3A5042F75D52}") = "automateBehance", "automateBehance\automateBehance.pyproj", "{BA16CF59-0D3E-4589-8217-49B03700DC25}"
EndProject
Global
	GlobalSection(SolutionConfigurationPlatforms) = preSolution
		Debug|Any CPU = Debug|Any CPU
		Release|Any CPU = Release|Any CPU
	EndGlobalSection
	GlobalSection(ProjectConfigurationPlatforms) = postSolution
		{BA16CF59-0D3E-4589-8217-49B03700DC25}.Debug|Any CPU.ActiveCfg = Debug|Any CPU
		{BA16CF59-0D3E-4589-8217-49B03700DC25}.Release|Any CPU.ActiveCfg = Release|Any CPU
	EndGlobalSection
	GlobalSection(SolutionProperties) = preSolution
		HideSolutionNode = FALSE
	EndGlobalSection
	GlobalSection(ExtensibilityGlobals) = postSolution
		SolutionGuid = {B9C6DCAC-F1DE-43A4-AEF4-E78899AEDA4E}
	EndGlobalSection
EndGlobal
